
Microsoft Visual Studio Solution File, Format Version 12.00
# Visual Studio 15
VisualStudioVersion = 15.0.28307.779
MinimumVisualStudioVersion = 10.0.40219.1
Project("{FAE04EC0-301F-11D3-BF4B-00C04F79EFBC}") = "ArcGisWpf", "ArcGisWpf\ArcGisWpf.csproj", "{712F8C91-4313-4036-A89D-0911D015F2CC}"
EndProject
Global
	GlobalSection(SolutionConfigurationPlatforms) = preSolution
		Debug|Any CPU = Debug|Any CPU
		Release|Any CPU = Release|Any CPU
	EndGlobalSection
	GlobalSection(ProjectConfigurationPlatforms) = postSolution
		{712F8C91-4313-4036-A89D-0911D015F2CC}.Debug|Any CPU.ActiveCfg = Debug|Any CPU
		{712F8C91-4313-4036-A89D-0911D015F2CC}.Debug|Any CPU.Build.0 = Debug|Any CPU
		{712F8C91-4313-4036-A89D-0911D015F2CC}.Release|Any CPU.ActiveCfg = Release|Any CPU
		{712F8C91-4313-4036-A89D-0911D015F2CC}.Release|Any CPU.Build.0 = Release|Any CPU
	EndGlobalSection
	GlobalSection(SolutionProperties) = preSolution
		HideSolutionNode = FALSE
	EndGlobalSection
	GlobalSection(ExtensibilityGlobals) = postSolution
		SolutionGuid = {3211256B-6E3E-4EFA-B1F0-9BA089D24E5F}
	EndGlobalSection
EndGlobal
